{
  "name": "conta-vocali",
  "version": "1.0.0",
  "lockfileVersion": 3,
  "requires": true,
  "packages": {
    "": {
      "name": "conta-vocali",
      "version": "1.0.0",
      "license": "ISC",
      "dependencies": {
        "conta-vocali": "file:"
      }
    },
    "node_modules/conta-vocali": {
      "resolved": "",
      "link": true
    }
  }
}
